
Microsoft Visual Studio Solution File, Format Version 12.00
# Visual Studio Version 17
VisualStudioVersion = 17.9.34701.34
MinimumVisualStudioVersion = 10.0.40219.1
Project("{8BC9CEB8-8B4A-11D0-8D11-00A0C91BC942}") = "PM3RG", "PM3RG.vcxproj", "{D39974CE-D19E-4B03-85CA-00967F1CC54E}"
EndProject
Global
	GlobalSection(SolutionConfigurationPlatforms) = preSolution
		Debug|x64 = Debug|x64
		Debug|x86 = Debug|x86
		Release|x64 = Release|x64
		Release|x86 = Release|x86
	EndGlobalSection
	GlobalSection(ProjectConfigurationPlatforms) = postSolution
		{D39974CE-D19E-4B03-85CA-00967F1CC54E}.Debug|x64.ActiveCfg = Debug|x64
		{D39974CE-D19E-4B03-85CA-00967F1CC54E}.Debug|x64.Build.0 = Debug|x64
		{D39974CE-D19E-4B03-85CA-00967F1CC54E}.Debug|x86.ActiveCfg = Debug|Win32
		{D39974CE-D19E-4B03-85CA-00967F1CC54E}.Debug|x86.Build.0 = Debug|Win32
		{D39974CE-D19E-4B03-85CA-00967F1CC54E}.Release|x64.ActiveCfg = Release|x64
		{D39974CE-D19E-4B03-85CA-00967F1CC54E}.Release|x64.Build.0 = Release|x64
		{D39974CE-D19E-4B03-85CA-00967F1CC54E}.Release|x86.ActiveCfg = Release|Win32
		{D39974CE-D19E-4B03-85CA-00967F1CC54E}.Release|x86.Build.0 = Release|Win32
	EndGlobalSection
	GlobalSection(SolutionProperties) = preSolution
		HideSolutionNode = FALSE
	EndGlobalSection
	GlobalSection(ExtensibilityGlobals) = postSolution
		SolutionGuid = {471A5AB3-093E-4860-8166-CD41F9102E1F}
	EndGlobalSection
EndGlobal
